
Microsoft Visual Studio Solution File, Format Version 12.00
# Visual Studio 14
VisualStudioVersion = 14.0.25123.0
MinimumVisualStudioVersion = 10.0.40219.1
Project("{FAE04EC0-301F-11D3-BF4B-00C04F79EFBC}") = "WebApplication", "WebApplication\WebApplication.csproj", "{7BD39B6C-8CE4-45A2-B9CC-CE8CA1A09EB4}"
EndProject
Project("{FAE04EC0-301F-11D3-BF4B-00C04F79EFBC}") = "WebApplication.Tests", "WebApplication.Tests\WebApplication.Tests.csproj", "{FEC8B6A4-882F-48F6-A11A-CB335F92436A}"
EndProject
Global
	GlobalSection(SolutionConfigurationPlatforms) = preSolution
		Debug|Any CPU = Debug|Any CPU
		Release|Any CPU = Release|Any CPU
	EndGlobalSection
	GlobalSection(ProjectConfigurationPlatforms) = postSolution
		{7BD39B6C-8CE4-45A2-B9CC-CE8CA1A09EB4}.Debug|Any CPU.ActiveCfg = Debug|Any CPU
		{7BD39B6C-8CE4-45A2-B9CC-CE8CA1A09EB4}.Debug|Any CPU.Build.0 = Debug|Any CPU
		{7BD39B6C-8CE4-45A2-B9CC-CE8CA1A09EB4}.Release|Any CPU.ActiveCfg = Release|Any CPU
		{7BD39B6C-8CE4-45A2-B9CC-CE8CA1A09EB4}.Release|Any CPU.Build.0 = Release|Any CPU
		{FEC8B6A4-882F-48F6-A11A-CB335F92436A}.Debug|Any CPU.ActiveCfg = Debug|Any CPU
		{FEC8B6A4-882F-48F6-A11A-CB335F92436A}.Debug|Any CPU.Build.0 = Debug|Any CPU
		{FEC8B6A4-882F-48F6-A11A-CB335F92436A}.Release|Any CPU.ActiveCfg = Release|Any CPU
		{FEC8B6A4-882F-48F6-A11A-CB335F92436A}.Release|Any CPU.Build.0 = Release|Any CPU
	EndGlobalSection
	GlobalSection(SolutionProperties) = preSolution
		HideSolutionNode = FALSE
	EndGlobalSection
EndGlobal
